
Microsoft Visual Studio Solution File, Format Version 12.00
# Visual Studio 15
VisualStudioVersion = 15.0.26403.3
MinimumVisualStudioVersion = 10.0.40219.1
Project("{FAE04EC0-301F-11D3-BF4B-00C04F79EFBC}") = "Model", "Model\Model.csproj", "{37D3C74C-EA51-419E-8014-FB272F0A6396}"
EndProject
Project("{FAE04EC0-301F-11D3-BF4B-00C04F79EFBC}") = "AppHelper", "AppHelper\AppHelper.csproj", "{B935E61F-651B-471B-ACDF-F4ED7C52DD16}"
EndProject
Project("{FAE04EC0-301F-11D3-BF4B-00C04F79EFBC}") = "WebApp", "WebApp\WebApp.csproj", "{EC00646C-5983-4B52-B074-D8FBBEF28534}"
EndProject
Global
	GlobalSection(SolutionConfigurationPlatforms) = preSolution
		Debug|Any CPU = Debug|Any CPU
		Publish|Any CPU = Publish|Any CPU
		Release|Any CPU = Release|Any CPU
	EndGlobalSection
	GlobalSection(ProjectConfigurationPlatforms) = postSolution
		{37D3C74C-EA51-419E-8014-FB272F0A6396}.Debug|Any CPU.ActiveCfg = Debug|Any CPU
		{37D3C74C-EA51-419E-8014-FB272F0A6396}.Debug|Any CPU.Build.0 = Debug|Any CPU
		{37D3C74C-EA51-419E-8014-FB272F0A6396}.Publish|Any CPU.ActiveCfg = Publish|Any CPU
		{37D3C74C-EA51-419E-8014-FB272F0A6396}.Publish|Any CPU.Build.0 = Publish|Any CPU
		{37D3C74C-EA51-419E-8014-FB272F0A6396}.Release|Any CPU.ActiveCfg = Release|Any CPU
		{37D3C74C-EA51-419E-8014-FB272F0A6396}.Release|Any CPU.Build.0 = Release|Any CPU
		{B935E61F-651B-471B-ACDF-F4ED7C52DD16}.Debug|Any CPU.ActiveCfg = Debug|Any CPU
		{B935E61F-651B-471B-ACDF-F4ED7C52DD16}.Debug|Any CPU.Build.0 = Debug|Any CPU
		{B935E61F-651B-471B-ACDF-F4ED7C52DD16}.Publish|Any CPU.ActiveCfg = Publish|Any CPU
		{B935E61F-651B-471B-ACDF-F4ED7C52DD16}.Publish|Any CPU.Build.0 = Publish|Any CPU
		{B935E61F-651B-471B-ACDF-F4ED7C52DD16}.Release|Any CPU.ActiveCfg = Release|Any CPU
		{B935E61F-651B-471B-ACDF-F4ED7C52DD16}.Release|Any CPU.Build.0 = Release|Any CPU
		{EC00646C-5983-4B52-B074-D8FBBEF28534}.Debug|Any CPU.ActiveCfg = Debug|Any CPU
		{EC00646C-5983-4B52-B074-D8FBBEF28534}.Debug|Any CPU.Build.0 = Debug|Any CPU
		{EC00646C-5983-4B52-B074-D8FBBEF28534}.Publish|Any CPU.ActiveCfg = Release|Any CPU
		{EC00646C-5983-4B52-B074-D8FBBEF28534}.Publish|Any CPU.Build.0 = Release|Any CPU
		{EC00646C-5983-4B52-B074-D8FBBEF28534}.Release|Any CPU.ActiveCfg = Release|Any CPU
		{EC00646C-5983-4B52-B074-D8FBBEF28534}.Release|Any CPU.Build.0 = Release|Any CPU
	EndGlobalSection
	GlobalSection(SolutionProperties) = preSolution
		HideSolutionNode = FALSE
	EndGlobalSection
EndGlobal
